
Microsoft Visual Studio Solution File, Format Version 12.00
# Visual Studio 15
VisualStudioVersion = 15.0.27130.2027
MinimumVisualStudioVersion = 10.0.40219.1
Project("{9A19103F-16F7-4668-BE54-9A1E7A4F7556}") = "ecarouselGrid", "ecarousel-grid\ecarouselGrid.csproj", "{528F234F-FD34-4193-A7E3-59EBF4C46F5A}"
EndProject
Global
	GlobalSection(SolutionConfigurationPlatforms) = preSolution
		Debug|Any CPU = Debug|Any CPU
		Release|Any CPU = Release|Any CPU
	EndGlobalSection
	GlobalSection(ProjectConfigurationPlatforms) = postSolution
		{528F234F-FD34-4193-A7E3-59EBF4C46F5A}.Debug|Any CPU.ActiveCfg = Debug|Any CPU
		{528F234F-FD34-4193-A7E3-59EBF4C46F5A}.Debug|Any CPU.Build.0 = Debug|Any CPU
		{528F234F-FD34-4193-A7E3-59EBF4C46F5A}.Release|Any CPU.ActiveCfg = Release|Any CPU
		{528F234F-FD34-4193-A7E3-59EBF4C46F5A}.Release|Any CPU.Build.0 = Release|Any CPU
	EndGlobalSection
	GlobalSection(SolutionProperties) = preSolution
		HideSolutionNode = FALSE
	EndGlobalSection
	GlobalSection(ExtensibilityGlobals) = postSolution
		SolutionGuid = {AF1ACE36-032D-4B94-8DFF-6F8D56E064A1}
	EndGlobalSection
EndGlobal
